
Microsoft Visual Studio Solution File, Format Version 11.00
# Visual Studio 2010
Project("{FAE04EC0-301F-11D3-BF4B-00C04F79EFBC}") = "vulnerable_cookie_swap", "vulnerable_cookie_swap\vulnerable_cookie_swap.csproj", "{3EFE2709-F2D3-487A-A8C4-1516D7C31F32}"
EndProject
Global
	GlobalSection(SolutionConfigurationPlatforms) = preSolution
		Debug|Any CPU = Debug|Any CPU
		Release|Any CPU = Release|Any CPU
	EndGlobalSection
	GlobalSection(ProjectConfigurationPlatforms) = postSolution
		{3EFE2709-F2D3-487A-A8C4-1516D7C31F32}.Debug|Any CPU.ActiveCfg = Debug|Any CPU
		{3EFE2709-F2D3-487A-A8C4-1516D7C31F32}.Debug|Any CPU.Build.0 = Debug|Any CPU
		{3EFE2709-F2D3-487A-A8C4-1516D7C31F32}.Release|Any CPU.ActiveCfg = Release|Any CPU
		{3EFE2709-F2D3-487A-A8C4-1516D7C31F32}.Release|Any CPU.Build.0 = Release|Any CPU
	EndGlobalSection
	GlobalSection(MonoDevelopProperties) = preSolution
		StartupItem = vulnerable_cookie_swap\vulnerable_cookie_swap.csproj
	EndGlobalSection
EndGlobal
